// !$*UTF8*$!
{
	archiveVersion = 1;
	classes = {
	};
	objectVersion = 46;
	objects = {

/* Begin PBXBuildFile section */
		411273591B9C7413006F45BC /* YNTableView.swift in Sources */ = {isa = PBXBuildFile; fileRef = 411273581B9C7413006F45BC /* YNTableView.swift */; };
		4112735D1B9DD14E006F45BC /* FMDatabaseAdditionsVariadic.swift in Sources */ = {isa = PBXBuildFile; fileRef = 4112735B1B9DD14E006F45BC /* FMDatabaseAdditionsVariadic.swift */; };
		4112735E1B9DD14E006F45BC /* FMDatabaseVariadic.swift in Sources */ = {isa = PBXBuildFile; fileRef = 4112735C1B9DD14E006F45BC /* FMDatabaseVariadic.swift */; };
		411273651B9DDF58006F45BC /* YNTimeCell.swift in Sources */ = {isa = PBXBuildFile; fileRef = 411273631B9DDF58006F45BC /* YNTimeCell.swift */; };
		411273661B9DDF58006F45BC /* YNTimeCell.xib in Resources */ = {isa = PBXBuildFile; fileRef = 411273641B9DDF58006F45BC /* YNTimeCell.xib */; };
		41279B991BB3762C00F13077 /* YNLeftCell.xib in Resources */ = {isa = PBXBuildFile; fileRef = 41279B971BB3762C00F13077 /* YNLeftCell.xib */; };
		41279B9B1BB377DC00F13077 /* YNLeftCell.swift in Sources */ = {isa = PBXBuildFile; fileRef = 41279B9A1BB377DC00F13077 /* YNLeftCell.swift */; };
		4157E2CA1B97C92F00C140C2 /* YNNian.swift in Sources */ = {isa = PBXBuildFile; fileRef = 4157E2C91B97C92F00C140C2 /* YNNian.swift */; };
		4157E2CE1B97C9E700C140C2 /* YNNianFrame.swift in Sources */ = {isa = PBXBuildFile; fileRef = 4157E2CD1B97C9E700C140C2 /* YNNianFrame.swift */; };
		4157E2FF1B97E59C00C140C2 /* YNTableViewCell.swift in Sources */ = {isa = PBXBuildFile; fileRef = 4157E2FD1B97E59C00C140C2 /* YNTableViewCell.swift */; };
		41615F861BA71C610050D071 /* YNImageTool.m in Sources */ = {isa = PBXBuildFile; fileRef = 41615F851BA71C610050D071 /* YNImageTool.m */; };
		419523861B95E403005F7958 /* Main.storyboard in Resources */ = {isa = PBXBuildFile; fileRef = 419523841B95E403005F7958 /* Main.storyboard */; };
		419523881B95E403005F7958 /* Images.xcassets in Resources */ = {isa = PBXBuildFile; fileRef = 419523871B95E403005F7958 /* Images.xcassets */; };
		4195238B1B95E403005F7958 /* LaunchScreen.xib in Resources */ = {isa = PBXBuildFile; fileRef = 419523891B95E403005F7958 /* LaunchScreen.xib */; };
		419523971B95E403005F7958 /* YiNianTests.swift in Sources */ = {isa = PBXBuildFile; fileRef = 419523961B95E403005F7958 /* YiNianTests.swift */; };
		419523A31B95E76A005F7958 /* libsqlite3.dylib in Frameworks */ = {isa = PBXBuildFile; fileRef = 419523A21B95E76A005F7958 /* libsqlite3.dylib */; };
		419523AB1B95F6B7005F7958 /* ViewController.swift in Sources */ = {isa = PBXBuildFile; fileRef = 419523A61B95F6B7005F7958 /* ViewController.swift */; };
		419523AC1B95F6B7005F7958 /* AppDelegate.swift in Sources */ = {isa = PBXBuildFile; fileRef = 419523A91B95F6B7005F7958 /* AppDelegate.swift */; };
		A72B58B3905DD8F8E7B041D2 /* libPods.a in Frameworks */ = {isa = PBXBuildFile; fileRef = A2590FADEFD62179248324F9 /* libPods.a */; };
		D4CA96971B9813660038FED3 /* haha.png in Resources */ = {isa = PBXBuildFile; fileRef = D4CA96961B9813660038FED3 /* haha.png */; };
		D4FE93B31B99142C002CA4FC /* YNDBTool.swift in Sources */ = {isa = PBXBuildFile; fileRef = D4FE93B21B99142C002CA4FC /* YNDBTool.swift */; };
		D4FE93B91B992D1B002CA4FC /* YNTextView.swift in Sources */ = {isa = PBXBuildFile; fileRef = D4FE93B81B992D1B002CA4FC /* YNTextView.swift */; };
		D4FE94071B9A886E002CA4FC /* AnimationController.swift in Sources */ = {isa = PBXBuildFile; fileRef = D4FE93FC1B9A886E002CA4FC /* AnimationController.swift */; };
		D4FE94081B9A886E002CA4FC /* ImageAction.swift in Sources */ = {isa = PBXBuildFile; fileRef = D4FE93FD1B9A886E002CA4FC /* ImageAction.swift */; };
		D4FE94091B9A886E002CA4FC /* ImageCollectionViewCell.swift in Sources */ = {isa = PBXBuildFile; fileRef = D4FE93FE1B9A886E002CA4FC /* ImageCollectionViewCell.swift */; };
		D4FE940A1B9A886E002CA4FC /* ImagePickerCollectionView.swift in Sources */ = {isa = PBXBuildFile; fileRef = D4FE93FF1B9A886E002CA4FC /* ImagePickerCollectionView.swift */; };
		D4FE940B1B9A886E002CA4FC /* ImagePickerSheetController.swift in Sources */ = {isa = PBXBuildFile; fileRef = D4FE94011B9A886E002CA4FC /* ImagePickerSheetController.swift */; };
		D4FE940C1B9A886E002CA4FC /* ImagePreviewFlowLayout.swift in Sources */ = {isa = PBXBuildFile; fileRef = D4FE94021B9A886E002CA4FC /* ImagePreviewFlowLayout.swift */; };
		D4FE940D1B9A886E002CA4FC /* ImagePreviewTableViewCell.swift in Sources */ = {isa = PBXBuildFile; fileRef = D4FE94031B9A886E002CA4FC /* ImagePreviewTableViewCell.swift */; };
		D4FE94101B9A886E002CA4FC /* PreviewSupplementaryView.swift in Sources */ = {isa = PBXBuildFile; fileRef = D4FE94061B9A886E002CA4FC /* PreviewSupplementaryView.swift */; };
/* End PBXBuildFile section */

/* Begin PBXContainerItemProxy section */
		419523911B95E403005F7958 /* PBXContainerItemProxy */ = {
			isa = PBXContainerItemProxy;
			containerPortal = 419523731B95E403005F7958 /* Project object */;
			proxyType = 1;
			remoteGlobalIDString = 4195237A1B95E403005F7958;
			remoteInfo = YiNian;
		};
/* End PBXContainerItemProxy section */

/* Begin PBXFileReference section */
		411273581B9C7413006F45BC /* YNTableView.swift */ = {isa = PBXFileReference; fileEncoding = 4; lastKnownFileType = sourcecode.swift; path = YNTableView.swift; sourceTree = "<group>"; };
		4112735B1B9DD14E006F45BC /* FMDatabaseAdditionsVariadic.swift */ = {isa = PBXFileReference; fileEncoding = 4; lastKnownFileType = sourcecode.swift; path = FMDatabaseAdditionsVariadic.swift; sourceTree = "<group>"; };
		4112735C1B9DD14E006F45BC /* FMDatabaseVariadic.swift */ = {isa = PBXFileReference; fileEncoding = 4; lastKnownFileType = sourcecode.swift; path = FMDatabaseVariadic.swift; sourceTree = "<group>"; };
		4112735F1B9DD162006F45BC /* YiNian-Bridging-Header.h */ = {isa = PBXFileReference; lastKnownFileType = sourcecode.c.h; path = "YiNian-Bridging-Header.h"; sourceTree = "<group>"; };
		411273631B9DDF58006F45BC /* YNTimeCell.swift */ = {isa = PBXFileReference; fileEncoding = 4; lastKnownFileType = sourcecode.swift; path = YNTimeCell.swift; sourceTree = "<group>"; };
		411273641B9DDF58006F45BC /* YNTimeCell.xib */ = {isa = PBXFileReference; fileEncoding = 4; lastKnownFileType = file.xib; path = YNTimeCell.xib; sourceTree = "<group>"; };
		41279B971BB3762C00F13077 /* YNLeftCell.xib */ = {isa = PBXFileReference; fileEncoding = 4; lastKnownFileType = file.xib; path = YNLeftCell.xib; sourceTree = "<group>"; };
		41279B9A1BB377DC00F13077 /* YNLeftCell.swift */ = {isa = PBXFileReference; fileEncoding = 4; lastKnownFileType = sourcecode.swift; path = YNLeftCell.swift; sourceTree = "<group>"; };
		4157E2C91B97C92F00C140C2 /* YNNian.swift */ = {isa = PBXFileReference; fileEncoding = 4; lastKnownFileType = sourcecode.swift; path = YNNian.swift; sourceTree = "<group>"; };
		4157E2CD1B97C9E700C140C2 /* YNNianFrame.swift */ = {isa = PBXFileReference; fileEncoding = 4; lastKnownFileType = sourcecode.swift; path = YNNianFrame.swift; sourceTree = "<group>"; };
		4157E2FD1B97E59C00C140C2 /* YNTableViewCell.swift */ = {isa = PBXFileReference; fileEncoding = 4; lastKnownFileType = sourcecode.swift; path = YNTableViewCell.swift; sourceTree = "<group>"; };
		41615F841BA71C610050D071 /* YNImageTool.h */ = {isa = PBXFileReference; fileEncoding = 4; lastKnownFileType = sourcecode.c.h; path = YNImageTool.h; sourceTree = "<group>"; };
		41615F851BA71C610050D071 /* YNImageTool.m */ = {isa = PBXFileReference; fileEncoding = 4; lastKnownFileType = sourcecode.c.objc; path = YNImageTool.m; sourceTree = "<group>"; };
		4195237B1B95E403005F7958 /* YiNian.app */ = {isa = PBXFileReference; explicitFileType = wrapper.application; includeInIndex = 0; path = YiNian.app; sourceTree = BUILT_PRODUCTS_DIR; };
		4195237F1B95E403005F7958 /* Info.plist */ = {isa = PBXFileReference; lastKnownFileType = text.plist.xml; path = Info.plist; sourceTree = "<group>"; };
		419523851B95E403005F7958 /* Base */ = {isa = PBXFileReference; lastKnownFileType = file.storyboard; name = Base; path = Base.lproj/Main.storyboard; sourceTree = "<group>"; };
		419523871B95E403005F7958 /* Images.xcassets */ = {isa = PBXFileReference; lastKnownFileType = folder.assetcatalog; path = Images.xcassets; sourceTree = "<group>"; };
		4195238A1B95E403005F7958 /* Base */ = {isa = PBXFileReference; lastKnownFileType = file.xib; name = Base; path = Base.lproj/LaunchScreen.xib; sourceTree = "<group>"; };
		419523901B95E403005F7958 /* YiNianTests.xctest */ = {isa = PBXFileReference; explicitFileType = wrapper.cfbundle; includeInIndex = 0; path = YiNianTests.xctest; sourceTree = BUILT_PRODUCTS_DIR; };
		419523951B95E403005F7958 /* Info.plist */ = {isa = PBXFileReference; lastKnownFileType = text.plist.xml; path = Info.plist; sourceTree = "<group>"; };
		419523961B95E403005F7958 /* YiNianTests.swift */ = {isa = PBXFileReference; lastKnownFileType = sourcecode.swift; path = YiNianTests.swift; sourceTree = "<group>"; };
		419523A21B95E76A005F7958 /* libsqlite3.dylib */ = {isa = PBXFileReference; lastKnownFileType = "compiled.mach-o.dylib"; name = libsqlite3.dylib; path = usr/lib/libsqlite3.dylib; sourceTree = SDKROOT; };
		419523A61B95F6B7005F7958 /* ViewController.swift */ = {isa = PBXFileReference; fileEncoding = 4; lastKnownFileType = sourcecode.swift; path = ViewController.swift; sourceTree = "<group>"; };
		419523A91B95F6B7005F7958 /* AppDelegate.swift */ = {isa = PBXFileReference; fileEncoding = 4; lastKnownFileType = sourcecode.swift; path = AppDelegate.swift; sourceTree = "<group>"; };
		4FA74DC9D503B4F1708ED75B /* Pods.release.xcconfig */ = {isa = PBXFileReference; includeInIndex = 1; lastKnownFileType = text.xcconfig; name = Pods.release.xcconfig; path = "Pods/Target Support Files/Pods/Pods.release.xcconfig"; sourceTree = "<group>"; };
		9F2DC78307BBACF4B06C9D5D /* Pods.debug.xcconfig */ = {isa = PBXFileReference; includeInIndex = 1; lastKnownFileType = text.xcconfig; name = Pods.debug.xcconfig; path = "Pods/Target Support Files/Pods/Pods.debug.xcconfig"; sourceTree = "<group>"; };
		A2590FADEFD62179248324F9 /* libPods.a */ = {isa = PBXFileReference; explicitFileType = archive.ar; includeInIndex = 0; path = libPods.a; sourceTree = BUILT_PRODUCTS_DIR; };
		D4CA96961B9813660038FED3 /* haha.png */ = {isa = PBXFileReference; lastKnownFileType = image.png; name = haha.png; path = Class/View/haha.png; sourceTree = "<group>"; };
		D4FE93B21B99142C002CA4FC /* YNDBTool.swift */ = {isa = PBXFileReference; fileEncoding = 4; lastKnownFileType = sourcecode.swift; path = YNDBTool.swift; sourceTree = "<group>"; };
		D4FE93B81B992D1B002CA4FC /* YNTextView.swift */ = {isa = PBXFileReference; fileEncoding = 4; lastKnownFileType = sourcecode.swift; path = YNTextView.swift; sourceTree = "<group>"; };
		D4FE93FC1B9A886E002CA4FC /* AnimationController.swift */ = {isa = PBXFileReference; fileEncoding = 4; lastKnownFileType = sourcecode.swift; path = AnimationController.swift; sourceTree = "<group>"; };
		D4FE93FD1B9A886E002CA4FC /* ImageAction.swift */ = {isa = PBXFileReference; fileEncoding = 4; lastKnownFileType = sourcecode.swift; path = ImageAction.swift; sourceTree = "<group>"; };
		D4FE93FE1B9A886E002CA4FC /* ImageCollectionViewCell.swift */ = {isa = PBXFileReference; fileEncoding = 4; lastKnownFileType = sourcecode.swift; path = ImageCollectionViewCell.swift; sourceTree = "<group>"; };
		D4FE93FF1B9A886E002CA4FC /* ImagePickerCollectionView.swift */ = {isa = PBXFileReference; fileEncoding = 4; lastKnownFileType = sourcecode.swift; path = ImagePickerCollectionView.swift; sourceTree = "<group>"; };
		D4FE94001B9A886E002CA4FC /* ImagePickerSheetController.h */ = {isa = PBXFileReference; fileEncoding = 4; lastKnownFileType = sourcecode.c.h; path = ImagePickerSheetController.h; sourceTree = "<group>"; };
		D4FE94011B9A886E002CA4FC /* ImagePickerSheetController.swift */ = {isa = PBXFileReference; fileEncoding = 4; lastKnownFileType = sourcecode.swift; path = ImagePickerSheetController.swift; sourceTree = "<group>"; };
		D4FE94021B9A886E002CA4FC /* ImagePreviewFlowLayout.swift */ = {isa = PBXFileReference; fileEncoding = 4; lastKnownFileType = sourcecode.swift; path = ImagePreviewFlowLayout.swift; sourceTree = "<group>"; };
		D4FE94031B9A886E002CA4FC /* ImagePreviewTableViewCell.swift */ = {isa = PBXFileReference; fileEncoding = 4; lastKnownFileType = sourcecode.swift; path = ImagePreviewTableViewCell.swift; sourceTree = "<group>"; };
		D4FE94061B9A886E002CA4FC /* PreviewSupplementaryView.swift */ = {isa = PBXFileReference; fileEncoding = 4; lastKnownFileType = sourcecode.swift; path = PreviewSupplementaryView.swift; sourceTree = "<group>"; };
/* End PBXFileReference section */

/* Begin PBXFrameworksBuildPhase section */
		419523781B95E403005F7958 /* Frameworks */ = {
			isa = PBXFrameworksBuildPhase;
			buildActionMask = 2147483647;
			files = (
				419523A31B95E76A005F7958 /* libsqlite3.dylib in Frameworks */,
				A72B58B3905DD8F8E7B041D2 /* libPods.a in Frameworks */,
			);
			runOnlyForDeploymentPostprocessing = 0;
		};
		4195238D1B95E403005F7958 /* Frameworks */ = {
			isa = PBXFrameworksBuildPhase;
			buildActionMask = 2147483647;
			files = (
			);
			runOnlyForDeploymentPostprocessing = 0;
		};
/* End PBXFrameworksBuildPhase section */

/* Begin PBXGroup section */
		4112735A1B9DD14E006F45BC /* FMDB */ = {
			isa = PBXGroup;
			children = (
				4112735B1B9DD14E006F45BC /* FMDatabaseAdditionsVariadic.swift */,
				4112735C1B9DD14E006F45BC /* FMDatabaseVariadic.swift */,
			);
			path = FMDB;
			sourceTree = "<group>";
		};
		4121E4AF1B974AFC00845CE9 /* View */ = {
			isa = PBXGroup;
			children = (
				D4FE93B81B992D1B002CA4FC /* YNTextView.swift */,
				411273581B9C7413006F45BC /* YNTableView.swift */,
				411273631B9DDF58006F45BC /* YNTimeCell.swift */,
				411273641B9DDF58006F45BC /* YNTimeCell.xib */,
				419523841B95E403005F7958 /* Main.storyboard */,
				4157E2FD1B97E59C00C140C2 /* YNTableViewCell.swift */,
				41279B9A1BB377DC00F13077 /* YNLeftCell.swift */,
				41279B971BB3762C00F13077 /* YNLeftCell.xib */,
			);
			path = View;
			sourceTree = "<group>";
		};
		4157E2C81B97C92F00C140C2 /* Model */ = {
			isa = PBXGroup;
			children = (
				4157E2C91B97C92F00C140C2 /* YNNian.swift */,
				4157E2CD1B97C9E700C140C2 /* YNNianFrame.swift */,
			);
			path = Model;
			sourceTree = "<group>";
		};
		419523721B95E403005F7958 = {
			isa = PBXGroup;
			children = (
				4195237D1B95E403005F7958 /* YiNian */,
				419523931B95E403005F7958 /* YiNianTests */,
				4195237C1B95E403005F7958 /* Products */,
				AA5C18E93DC5002C2307330C /* Pods */,
				8B288BB5DF5AD42E73D22753 /* Frameworks */,
			);
			sourceTree = "<group>";
		};
		4195237C1B95E403005F7958 /* Products */ = {
			isa = PBXGroup;
			children = (
				4195237B1B95E403005F7958 /* YiNian.app */,
				419523901B95E403005F7958 /* YiNianTests.xctest */,
			);
			name = Products;
			sourceTree = "<group>";
		};
		4195237D1B95E403005F7958 /* YiNian */ = {
			isa = PBXGroup;
			children = (
				419523A41B95F6B7005F7958 /* Class */,
				4195237E1B95E403005F7958 /* Supporting Files */,
			);
			path = YiNian;
			sourceTree = "<group>";
		};
		4195237E1B95E403005F7958 /* Supporting Files */ = {
			isa = PBXGroup;
			children = (
				419523A21B95E76A005F7958 /* libsqlite3.dylib */,
				419523871B95E403005F7958 /* Images.xcassets */,
				D4CA96961B9813660038FED3 /* haha.png */,
				419523891B95E403005F7958 /* LaunchScreen.xib */,
				4195237F1B95E403005F7958 /* Info.plist */,
			);
			name = "Supporting Files";
			sourceTree = "<group>";
		};
		419523931B95E403005F7958 /* YiNianTests */ = {
			isa = PBXGroup;
			children = (
				419523961B95E403005F7958 /* YiNianTests.swift */,
				419523941B95E403005F7958 /* Supporting Files */,
			);
			path = YiNianTests;
			sourceTree = "<group>";
		};
		419523941B95E403005F7958 /* Supporting Files */ = {
			isa = PBXGroup;
			children = (
				419523951B95E403005F7958 /* Info.plist */,
			);
			name = "Supporting Files";
			sourceTree = "<group>";
		};
		419523A41B95F6B7005F7958 /* Class */ = {
			isa = PBXGroup;
			children = (
				419523A51B95F6B7005F7958 /* Controller */,
				4157E2C81B97C92F00C140C2 /* Model */,
				4121E4AF1B974AFC00845CE9 /* View */,
				419523A81B95F6B7005F7958 /* Other */,
				D4FE93B11B991400002CA4FC /* Tool */,
				D4FE93FA1B9A885B002CA4FC /* Lib */,
			);
			path = Class;
			sourceTree = "<group>";
		};
		419523A51B95F6B7005F7958 /* Controller */ = {
			isa = PBXGroup;
			children = (
				419523A61B95F6B7005F7958 /* ViewController.swift */,
			);
			path = Controller;
			sourceTree = "<group>";
		};
		419523A81B95F6B7005F7958 /* Other */ = {
			isa = PBXGroup;
			children = (
				419523A91B95F6B7005F7958 /* AppDelegate.swift */,
			);
			path = Other;
			sourceTree = "<group>";
		};
		8B288BB5DF5AD42E73D22753 /* Frameworks */ = {
			isa = PBXGroup;
			children = (
				A2590FADEFD62179248324F9 /* libPods.a */,
			);
			name = Frameworks;
			sourceTree = "<group>";
		};
		AA5C18E93DC5002C2307330C /* Pods */ = {
			isa = PBXGroup;
			children = (
				9F2DC78307BBACF4B06C9D5D /* Pods.debug.xcconfig */,
				4FA74DC9D503B4F1708ED75B /* Pods.release.xcconfig */,
			);
			name = Pods;
			sourceTree = "<group>";
		};
		D4FE93B11B991400002CA4FC /* Tool */ = {
			isa = PBXGroup;
			children = (
				D4FE93B21B99142C002CA4FC /* YNDBTool.swift */,
				41615F841BA71C610050D071 /* YNImageTool.h */,
				41615F851BA71C610050D071 /* YNImageTool.m */,
			);
			path = Tool;
			sourceTree = "<group>";
		};
		D4FE93FA1B9A885B002CA4FC /* Lib */ = {
			isa = PBXGroup;
			children = (
				4112735F1B9DD162006F45BC /* YiNian-Bridging-Header.h */,
				4112735A1B9DD14E006F45BC /* FMDB */,
				D4FE93FB1B9A886E002CA4FC /* ImagePickerSheetController */,
			);
			path = Lib;
			sourceTree = "<group>";
		};
		D4FE93FB1B9A886E002CA4FC /* ImagePickerSheetController */ = {
			isa = PBXGroup;
			children = (
				D4FE93FC1B9A886E002CA4FC /* AnimationController.swift */,
				D4FE93FD1B9A886E002CA4FC /* ImageAction.swift */,
				D4FE93FE1B9A886E002CA4FC /* ImageCollectionViewCell.swift */,
				D4FE93FF1B9A886E002CA4FC /* ImagePickerCollectionView.swift */,
				D4FE94001B9A886E002CA4FC /* ImagePickerSheetController.h */,
				D4FE94011B9A886E002CA4FC /* ImagePickerSheetController.swift */,
				D4FE94021B9A886E002CA4FC /* ImagePreviewFlowLayout.swift */,
				D4FE94031B9A886E002CA4FC /* ImagePreviewTableViewCell.swift */,
				D4FE94061B9A886E002CA4FC /* PreviewSupplementaryView.swift */,
			);
			path = ImagePickerSheetController;
			sourceTree = "<group>";
		};
/* End PBXGroup section */

/* Begin PBXNativeTarget section */
		4195237A1B95E403005F7958 /* YiNian */ = {
			isa = PBXNativeTarget;
			buildConfigurationList = 4195239A1B95E403005F7958 /* Build configuration list for PBXNativeTarget "YiNian" */;
			buildPhases = (
				03FC36AD9104E784F35B0FE8 /* Check Pods Manifest.lock */,
				419523771B95E403005F7958 /* Sources */,
				419523781B95E403005F7958 /* Frameworks */,
				419523791B95E403005F7958 /* Resources */,
				8BC77D9FF1F70677B377986F /* Copy Pods Resources */,
			);
			buildRules = (
			);
			dependencies = (
			);
			name = YiNian;
			productName = YiNian;
			productReference = 4195237B1B95E403005F7958 /* YiNian.app */;
			productType = "com.apple.product-type.application";
		};
		4195238F1B95E403005F7958 /* YiNianTests */ = {
			isa = PBXNativeTarget;
			buildConfigurationList = 4195239D1B95E403005F7958 /* Build configuration list for PBXNativeTarget "YiNianTests" */;
			buildPhases = (
				4195238C1B95E403005F7958 /* Sources */,
				4195238D1B95E403005F7958 /* Frameworks */,
				4195238E1B95E403005F7958 /* Resources */,
			);
			buildRules = (
			);
			dependencies = (
				419523921B95E403005F7958 /* PBXTargetDependency */,
			);
			name = YiNianTests;
			productName = YiNianTests;
			productReference = 419523901B95E403005F7958 /* YiNianTests.xctest */;
			productType = "com.apple.product-type.bundle.unit-test";
		};
/* End PBXNativeTarget section */

/* Begin PBXProject section */
		419523731B95E403005F7958 /* Project object */ = {
			isa = PBXProject;
			attributes = {
				CLASSPREFIX = YN;
				LastUpgradeCheck = 0640;
				ORGANIZATIONNAME = Mars;
				TargetAttributes = {
					4195237A1B95E403005F7958 = {
						CreatedOnToolsVersion = 6.4;
						DevelopmentTeam = XZKUBAH845;
					};
					4195238F1B95E403005F7958 = {
						CreatedOnToolsVersion = 6.4;
						TestTargetID = 4195237A1B95E403005F7958;
					};
				};
			};
			buildConfigurationList = 419523761B95E403005F7958 /* Build configuration list for PBXProject "YiNian" */;
			compatibilityVersion = "Xcode 3.2";
			developmentRegion = English;
			hasScannedForEncodings = 0;
			knownRegions = (
				en,
				Base,
			);
			mainGroup = 419523721B95E403005F7958;
			productRefGroup = 4195237C1B95E403005F7958 /* Products */;
			projectDirPath = "";
			projectRoot = "";
			targets = (
				4195237A1B95E403005F7958 /* YiNian */,
				4195238F1B95E403005F7958 /* YiNianTests */,
			);
		};
/* End PBXProject section */

/* Begin PBXResourcesBuildPhase section */
		419523791B95E403005F7958 /* Resources */ = {
			isa = PBXResourcesBuildPhase;
			buildActionMask = 2147483647;
			files = (
				419523861B95E403005F7958 /* Main.storyboard in Resources */,
				4195238B1B95E403005F7958 /* LaunchScreen.xib in Resources */,
				411273661B9DDF58006F45BC /* YNTimeCell.xib in Resources */,
				41279B991BB3762C00F13077 /* YNLeftCell.xib in Resources */,
				419523881B95E403005F7958 /* Images.xcassets in Resources */,
				D4CA96971B9813660038FED3 /* haha.png in Resources */,
			);
			runOnlyForDeploymentPostprocessing = 0;
		};
		4195238E1B95E403005F7958 /* Resources */ = {
			isa = PBXResourcesBuildPhase;
			buildActionMask = 2147483647;
			files = (
			);
			runOnlyForDeploymentPostprocessing = 0;
		};
/* End PBXResourcesBuildPhase section */

/* Begin PBXShellScriptBuildPhase section */
		03FC36AD9104E784F35B0FE8 /* Check Pods Manifest.lock */ = {
			isa = PBXShellScriptBuildPhase;
			buildActionMask = 2147483647;
			files = (
			);
			inputPaths = (
			);
			name = "Check Pods Manifest.lock";
			outputPaths = (
			);
			runOnlyForDeploymentPostprocessing = 0;
			shellPath = /bin/sh;
			shellScript = "diff \"${PODS_ROOT}/../Podfile.lock\" \"${PODS_ROOT}/Manifest.lock\" > /dev/null\nif [[ $? != 0 ]] ; then\n    cat << EOM\nerror: The sandbox is not in sync with the Podfile.lock. Run 'pod install' or update your CocoaPods installation.\nEOM\n    exit 1\nfi\n";
			showEnvVarsInLog = 0;
		};
		8BC77D9FF1F70677B377986F /* Copy Pods Resources */ = {
			isa = PBXShellScriptBuildPhase;
			buildActionMask = 2147483647;
			files = (
			);
			inputPaths = (
			);
			name = "Copy Pods Resources";
			outputPaths = (
			);
			runOnlyForDeploymentPostprocessing = 0;
			shellPath = /bin/sh;
			shellScript = "\"${SRCROOT}/Pods/Target Support Files/Pods/Pods-resources.sh\"\n";
			showEnvVarsInLog = 0;
		};
/* End PBXShellScriptBuildPhase section */

/* Begin PBXSourcesBuildPhase section */
		419523771B95E403005F7958 /* Sources */ = {
			isa = PBXSourcesBuildPhase;
			buildActionMask = 2147483647;
			files = (
				D4FE93B91B992D1B002CA4FC /* YNTextView.swift in Sources */,
				D4FE94091B9A886E002CA4FC /* ImageCollectionViewCell.swift in Sources */,
				D4FE940A1B9A886E002CA4FC /* ImagePickerCollectionView.swift in Sources */,
				4157E2CA1B97C92F00C140C2 /* YNNian.swift in Sources */,
				4112735E1B9DD14E006F45BC /* FMDatabaseVariadic.swift in Sources */,
				419523AC1B95F6B7005F7958 /* AppDelegate.swift in Sources */,
				D4FE94081B9A886E002CA4FC /* ImageAction.swift in Sources */,
				D4FE940C1B9A886E002CA4FC /* ImagePreviewFlowLayout.swift in Sources */,
				41615F861BA71C610050D071 /* YNImageTool.m in Sources */,
				D4FE93B31B99142C002CA4FC /* YNDBTool.swift in Sources */,
				4112735D1B9DD14E006F45BC /* FMDatabaseAdditionsVariadic.swift in Sources */,
				4157E2FF1B97E59C00C140C2 /* YNTableViewCell.swift in Sources */,
				D4FE94071B9A886E002CA4FC /* AnimationController.swift in Sources */,
				411273651B9DDF58006F45BC /* YNTimeCell.swift in Sources */,
				D4FE940B1B9A886E002CA4FC /* ImagePickerSheetController.swift in Sources */,
				D4FE940D1B9A886E002CA4FC /* ImagePreviewTableViewCell.swift in Sources */,
				4157E2CE1B97C9E700C140C2 /* YNNianFrame.swift in Sources */,
				411273591B9C7413006F45BC /* YNTableView.swift in Sources */,
				419523AB1B95F6B7005F7958 /* ViewController.swift in Sources */,
				D4FE94101B9A886E002CA4FC /* PreviewSupplementaryView.swift in Sources */,
				41279B9B1BB377DC00F13077 /* YNLeftCell.swift in Sources */,
			);
			runOnlyForDeploymentPostprocessing = 0;
		};
		4195238C1B95E403005F7958 /* Sources */ = {
			isa = PBXSourcesBuildPhase;
			buildActionMask = 2147483647;
			files = (
				419523971B95E403005F7958 /* YiNianTests.swift in Sources */,
			);
			runOnlyForDeploymentPostprocessing = 0;
		};
/* End PBXSourcesBuildPhase section */

/* Begin PBXTargetDependency section */
		419523921B95E403005F7958 /* PBXTargetDependency */ = {
			isa = PBXTargetDependency;
			target = 4195237A1B95E403005F7958 /* YiNian */;
			targetProxy = 419523911B95E403005F7958 /* PBXContainerItemProxy */;
		};
/* End PBXTargetDependency section */

/* Begin PBXVariantGroup section */
		419523841B95E403005F7958 /* Main.storyboard */ = {
			isa = PBXVariantGroup;
			children = (
				419523851B95E403005F7958 /* Base */,
			);
			name = Main.storyboard;
			path = ../..;
			sourceTree = "<group>";
		};
		419523891B95E403005F7958 /* LaunchScreen.xib */ = {
			isa = PBXVariantGroup;
			children = (
				4195238A1B95E403005F7958 /* Base */,
			);
			name = LaunchScreen.xib;
			sourceTree = "<group>";
		};
/* End PBXVariantGroup section */

/* Begin XCBuildConfiguration section */
		419523981B95E403005F7958 /* Debug */ = {
			isa = XCBuildConfiguration;
			buildSettings = {
				ALWAYS_SEARCH_USER_PATHS = NO;
				CLANG_CXX_LANGUAGE_STANDARD = "gnu++0x";
				CLANG_CXX_LIBRARY = "libc++";
				CLANG_ENABLE_MODULES = YES;
				CLANG_ENABLE_OBJC_ARC = YES;
				CLANG_WARN_BOOL_CONVERSION = YES;
				CLANG_WARN_CONSTANT_CONVERSION = YES;
				CLANG_WARN_DIRECT_OBJC_ISA_USAGE = YES_ERROR;
				CLANG_WARN_EMPTY_BODY = YES;
				CLANG_WARN_ENUM_CONVERSION = YES;
				CLANG_WARN_INT_CONVERSION = YES;
				CLANG_WARN_OBJC_ROOT_CLASS = YES_ERROR;
				CLANG_WARN_UNREACHABLE_CODE = YES;
				CLANG_WARN__DUPLICATE_METHOD_MATCH = YES;
				"CODE_SIGN_IDENTITY[sdk=iphoneos*]" = "iPhone Developer";
				COPY_PHASE_STRIP = NO;
				DEBUG_INFORMATION_FORMAT = "dwarf-with-dsym";
				ENABLE_STRICT_OBJC_MSGSEND = YES;
				GCC_C_LANGUAGE_STANDARD = gnu99;
				GCC_DYNAMIC_NO_PIC = NO;
				GCC_NO_COMMON_BLOCKS = YES;
				GCC_OPTIMIZATION_LEVEL = 0;
				GCC_PREPROCESSOR_DEFINITIONS = (
					"DEBUG=1",
					"$(inherited)",
				);
				GCC_SYMBOLS_PRIVATE_EXTERN = NO;
				GCC_WARN_64_TO_32_BIT_CONVERSION = YES;
				GCC_WARN_ABOUT_RETURN_TYPE = YES_ERROR;
				GCC_WARN_UNDECLARED_SELECTOR = YES;
				GCC_WARN_UNINITIALIZED_AUTOS = YES_AGGRESSIVE;
				GCC_WARN_UNUSED_FUNCTION = YES;
				GCC_WARN_UNUSED_VARIABLE = YES;
				IPHONEOS_DEPLOYMENT_TARGET = 8.0;
				MTL_ENABLE_DEBUG_INFO = YES;
				ONLY_ACTIVE_ARCH = YES;
				SDKROOT = iphoneos;
				SWIFT_OPTIMIZATION_LEVEL = "-Onone";
			};
			name = Debug;
		};
		419523991B95E403005F7958 /* Release */ = {
			isa = XCBuildConfiguration;
			buildSettings = {
				ALWAYS_SEARCH_USER_PATHS = NO;
				CLANG_CXX_LANGUAGE_STANDARD = "gnu++0x";
				CLANG_CXX_LIBRARY = "libc++";
				CLANG_ENABLE_MODULES = YES;
				CLANG_ENABLE_OBJC_ARC = YES;
				CLANG_WARN_BOOL_CONVERSION = YES;
				CLANG_WARN_CONSTANT_CONVERSION = YES;
				CLANG_WARN_DIRECT_OBJC_ISA_USAGE = YES_ERROR;
				CLANG_WARN_EMPTY_BODY = YES;
				CLANG_WARN_ENUM_CONVERSION = YES;
				CLANG_WARN_INT_CONVERSION = YES;
				CLANG_WARN_OBJC_ROOT_CLASS = YES_ERROR;
				CLANG_WARN_UNREACHABLE_CODE = YES;
				CLANG_WARN__DUPLICATE_METHOD_MATCH = YES;
				"CODE_SIGN_IDENTITY[sdk=iphoneos*]" = "iPhone Developer";
				COPY_PHASE_STRIP = NO;
				DEBUG_INFORMATION_FORMAT = "dwarf-with-dsym";
				ENABLE_NS_ASSERTIONS = NO;
				ENABLE_STRICT_OBJC_MSGSEND = YES;
				GCC_C_LANGUAGE_STANDARD = gnu99;
				GCC_NO_COMMON_BLOCKS = YES;
				GCC_WARN_64_TO_32_BIT_CONVERSION = YES;
				GCC_WARN_ABOUT_RETURN_TYPE = YES_ERROR;
				GCC_WARN_UNDECLARED_SELECTOR = YES;
				GCC_WARN_UNINITIALIZED_AUTOS = YES_AGGRESSIVE;
				GCC_WARN_UNUSED_FUNCTION = YES;
				GCC_WARN_UNUSED_VARIABLE = YES;
				IPHONEOS_DEPLOYMENT_TARGET = 8.0;
				MTL_ENABLE_DEBUG_INFO = NO;
				SDKROOT = iphoneos;
				VALIDATE_PRODUCT = YES;
			};
			name = Release;
		};
		4195239B1B95E403005F7958 /* Debug */ = {
			isa = XCBuildConfiguration;
			baseConfigurationReference = 9F2DC78307BBACF4B06C9D5D /* Pods.debug.xcconfig */;
			buildSettings = {
				ASSETCATALOG_COMPILER_APPICON_NAME = AppIcon;
				CLANG_ENABLE_MODULES = YES;
				CODE_SIGN_IDENTITY = "iPhone Developer";
				"CODE_SIGN_IDENTITY[sdk=iphoneos*]" = "iPhone Developer";
				INFOPLIST_FILE = YiNian/Info.plist;
				IPHONEOS_DEPLOYMENT_TARGET = 8.0;
				LD_RUNPATH_SEARCH_PATHS = "$(inherited) @executable_path/Frameworks";
				PRODUCT_NAME = "$(TARGET_NAME)";
				PROVISIONING_PROFILE = "";
				SWIFT_OBJC_BRIDGING_HEADER = "YiNian/Class/Lib/YiNian-Bridging-Header.h";
				SWIFT_OPTIMIZATION_LEVEL = "-Onone";
			};
			name = Debug;
		};
		4195239C1B95E403005F7958 /* Release */ = {
			isa = XCBuildConfiguration;
			baseConfigurationReference = 4FA74DC9D503B4F1708ED75B /* Pods.release.xcconfig */;
			buildSettings = {
				ASSETCATALOG_COMPILER_APPICON_NAME = AppIcon;
				CLANG_ENABLE_MODULES = YES;
				CODE_SIGN_IDENTITY = "iPhone Developer";
				"CODE_SIGN_IDENTITY[sdk=iphoneos*]" = "iPhone Developer";
				INFOPLIST_FILE = YiNian/Info.plist;
				IPHONEOS_DEPLOYMENT_TARGET = 8.0;
				LD_RUNPATH_SEARCH_PATHS = "$(inherited) @executable_path/Frameworks";
				PRODUCT_NAME = "$(TARGET_NAME)";
				PROVISIONING_PROFILE = "";
				SWIFT_OBJC_BRIDGING_HEADER = "YiNian/Class/Lib/YiNian-Bridging-Header.h";
			};
			name = Release;
		};
		4195239E1B95E403005F7958 /* Debug */ = {
			isa = XCBuildConfiguration;
			buildSettings = {
				BUNDLE_LOADER = "$(TEST_HOST)";
				FRAMEWORK_SEARCH_PATHS = (
					"$(SDKROOT)/Developer/Library/Frameworks",
					"$(inherited)",
				);
				GCC_PREPROCESSOR_DEFINITIONS = (
					"DEBUG=1",
					"$(inherited)",
				);
				INFOPLIST_FILE = YiNianTests/Info.plist;
				LD_RUNPATH_SEARCH_PATHS = "$(inherited) @executable_path/Frameworks @loader_path/Frameworks";
				PRODUCT_NAME = "$(TARGET_NAME)";
				TEST_HOST = "$(BUILT_PRODUCTS_DIR)/YiNian.app/YiNian";
			};
			name = Debug;
		};
		4195239F1B95E403005F7958 /* Release */ = {
			isa = XCBuildConfiguration;
			buildSettings = {
				BUNDLE_LOADER = "$(TEST_HOST)";
				FRAMEWORK_SEARCH_PATHS = (
					"$(SDKROOT)/Developer/Library/Frameworks",
					"$(inherited)",
				);
				INFOPLIST_FILE = YiNianTests/Info.plist;
				LD_RUNPATH_SEARCH_PATHS = "$(inherited) @executable_path/Frameworks @loader_path/Frameworks";
				PRODUCT_NAME = "$(TARGET_NAME)";
				TEST_HOST = "$(BUILT_PRODUCTS_DIR)/YiNian.app/YiNian";
			};
			name = Release;
		};
/* End XCBuildConfiguration section */

/* Begin XCConfigurationList section */
		419523761B95E403005F7958 /* Build configuration list for PBXProject "YiNian" */ = {
			isa = XCConfigurationList;
			buildConfigurations = (
				419523981B95E403005F7958 /* Debug */,
				419523991B95E403005F7958 /* Release */,
			);
			defaultConfigurationIsVisible = 0;
			defaultConfigurationName = Release;
		};
		4195239A1B95E403005F7958 /* Build configuration list for PBXNativeTarget "YiNian" */ = {
			isa = XCConfigurationList;
			buildConfigurations = (
				4195239B1B95E403005F7958 /* Debug */,
				4195239C1B95E403005F7958 /* Release */,
			);
			defaultConfigurationIsVisible = 0;
			defaultConfigurationName = Release;
		};
		4195239D1B95E403005F7958 /* Build configuration list for PBXNativeTarget "YiNianTests" */ = {
			isa = XCConfigurationList;
			buildConfigurations = (
				4195239E1B95E403005F7958 /* Debug */,
				4195239F1B95E403005F7958 /* Release */,
			);
			defaultConfigurationIsVisible = 0;
			defaultConfigurationName = Release;
		};
/* End XCConfigurationList section */
	};
	rootObject = 419523731B95E403005F7958 /* Project object */;
}
