PODS:
  - FMDB (2.5):
    - FMDB/standard (= 2.5)
  - FMDB/common (2.5)
  - FMDB/standard (2.5):
    - FMDB/common
  - GPUImage (0.1.7)

DEPENDENCIES:
  - FMDB
  - GPUImage

SPEC CHECKSUMS:
  FMDB: 96e8f1bcc1329e269330f99770ad4285d9003e52
  GPUImage: 733a5f0fab92df9de1c37ba9df520a833ccb406d

COCOAPODS: 0.38.2
